// !$*UTF8*$!
{
	archiveVersion = 1;
	classes = {
	};
	objectVersion = 46;
	objects = {

/* Begin PBXBuildFile section */
		F055652218E6DD9300481688 /* Foundation.framework in Frameworks */ = {isa = PBXBuildFile; fileRef = F055652118E6DD9300481688 /* Foundation.framework */; };
		F055652418E6DD9300481688 /* CoreGraphics.framework in Frameworks */ = {isa = PBXBuildFile; fileRef = F055652318E6DD9300481688 /* CoreGraphics.framework */; };
		F055652618E6DD9300481688 /* UIKit.framework in Frameworks */ = {isa = PBXBuildFile; fileRef = F055652518E6DD9300481688 /* UIKit.framework */; };
		F055652C18E6DD9300481688 /* InfoPlist.strings in Resources */ = {isa = PBXBuildFile; fileRef = F055652A18E6DD9300481688 /* InfoPlist.strings */; };
		F055652E18E6DD9300481688 /* main.m in Sources */ = {isa = PBXBuildFile; fileRef = F055652D18E6DD9300481688 /* main.m */; };
		F055653218E6DD9300481688 /* GMSAppDelegate.m in Sources */ = {isa = PBXBuildFile; fileRef = F055653118E6DD9300481688 /* GMSAppDelegate.m */; };
		F055653518E6DD9300481688 /* Main.storyboard in Resources */ = {isa = PBXBuildFile; fileRef = F055653318E6DD9300481688 /* Main.storyboard */; };
		F055653818E6DD9300481688 /* GMSFirstViewController.m in Sources */ = {isa = PBXBuildFile; fileRef = F055653718E6DD9300481688 /* GMSFirstViewController.m */; };
		F055653B18E6DD9300481688 /* GMSSecondViewController.m in Sources */ = {isa = PBXBuildFile; fileRef = F055653A18E6DD9300481688 /* GMSSecondViewController.m */; };
		F055653D18E6DD9300481688 /* Images.xcassets in Resources */ = {isa = PBXBuildFile; fileRef = F055653C18E6DD9300481688 /* Images.xcassets */; };
		F055654418E6DD9300481688 /* XCTest.framework in Frameworks */ = {isa = PBXBuildFile; fileRef = F055654318E6DD9300481688 /* XCTest.framework */; };
		F055654518E6DD9300481688 /* Foundation.framework in Frameworks */ = {isa = PBXBuildFile; fileRef = F055652118E6DD9300481688 /* Foundation.framework */; };
		F055654618E6DD9300481688 /* UIKit.framework in Frameworks */ = {isa = PBXBuildFile; fileRef = F055652518E6DD9300481688 /* UIKit.framework */; };
		F055654E18E6DD9300481688 /* InfoPlist.strings in Resources */ = {isa = PBXBuildFile; fileRef = F055654C18E6DD9300481688 /* InfoPlist.strings */; };
		F055655018E6DD9300481688 /* LCB_PUBLIC_TICKERTests.m in Sources */ = {isa = PBXBuildFile; fileRef = F055654F18E6DD9300481688 /* LCB_PUBLIC_TICKERTests.m */; };
/* End PBXBuildFile section */

/* Begin PBXContainerItemProxy section */
		F055654718E6DD9300481688 /* PBXContainerItemProxy */ = {
			isa = PBXContainerItemProxy;
			containerPortal = F055651618E6DD9300481688 /* Project object */;
			proxyType = 1;
			remoteGlobalIDString = F055651D18E6DD9300481688;
			remoteInfo = "LCB PUBLIC TICKER";
		};
/* End PBXContainerItemProxy section */

/* Begin PBXFileReference section */
		F055651E18E6DD9300481688 /* LCB PUBLIC TICKER.app */ = {isa = PBXFileReference; explicitFileType = wrapper.application; includeInIndex = 0; path = "LCB PUBLIC TICKER.app"; sourceTree = BUILT_PRODUCTS_DIR; };
		F055652118E6DD9300481688 /* Foundation.framework */ = {isa = PBXFileReference; lastKnownFileType = wrapper.framework; name = Foundation.framework; path = System/Library/Frameworks/Foundation.framework; sourceTree = SDKROOT; };
		F055652318E6DD9300481688 /* CoreGraphics.framework */ = {isa = PBXFileReference; lastKnownFileType = wrapper.framework; name = CoreGraphics.framework; path = System/Library/Frameworks/CoreGraphics.framework; sourceTree = SDKROOT; };
		F055652518E6DD9300481688 /* UIKit.framework */ = {isa = PBXFileReference; lastKnownFileType = wrapper.framework; name = UIKit.framework; path = System/Library/Frameworks/UIKit.framework; sourceTree = SDKROOT; };
		F055652918E6DD9300481688 /* LCB PUBLIC TICKER-Info.plist */ = {isa = PBXFileReference; lastKnownFileType = text.plist.xml; path = "LCB PUBLIC TICKER-Info.plist"; sourceTree = "<group>"; };
		F055652B18E6DD9300481688 /* en */ = {isa = PBXFileReference; lastKnownFileType = text.plist.strings; name = en; path = en.lproj/InfoPlist.strings; sourceTree = "<group>"; };
		F055652D18E6DD9300481688 /* main.m */ = {isa = PBXFileReference; lastKnownFileType = sourcecode.c.objc; path = main.m; sourceTree = "<group>"; };
		F055652F18E6DD9300481688 /* LCB PUBLIC TICKER-Prefix.pch */ = {isa = PBXFileReference; lastKnownFileType = sourcecode.c.h; path = "LCB PUBLIC TICKER-Prefix.pch"; sourceTree = "<group>"; };
		F055653018E6DD9300481688 /* GMSAppDelegate.h */ = {isa = PBXFileReference; lastKnownFileType = sourcecode.c.h; path = GMSAppDelegate.h; sourceTree = "<group>"; };
		F055653118E6DD9300481688 /* GMSAppDelegate.m */ = {isa = PBXFileReference; lastKnownFileType = sourcecode.c.objc; path = GMSAppDelegate.m; sourceTree = "<group>"; };
		F055653418E6DD9300481688 /* Base */ = {isa = PBXFileReference; lastKnownFileType = file.storyboard; name = Base; path = Base.lproj/Main.storyboard; sourceTree = "<group>"; };
		F055653618E6DD9300481688 /* GMSFirstViewController.h */ = {isa = PBXFileReference; lastKnownFileType = sourcecode.c.h; path = GMSFirstViewController.h; sourceTree = "<group>"; };
		F055653718E6DD9300481688 /* GMSFirstViewController.m */ = {isa = PBXFileReference; lastKnownFileType = sourcecode.c.objc; path = GMSFirstViewController.m; sourceTree = "<group>"; };
		F055653918E6DD9300481688 /* GMSSecondViewController.h */ = {isa = PBXFileReference; lastKnownFileType = sourcecode.c.h; path = GMSSecondViewController.h; sourceTree = "<group>"; };
		F055653A18E6DD9300481688 /* GMSSecondViewController.m */ = {isa = PBXFileReference; lastKnownFileType = sourcecode.c.objc; path = GMSSecondViewController.m; sourceTree = "<group>"; };
		F055653C18E6DD9300481688 /* Images.xcassets */ = {isa = PBXFileReference; lastKnownFileType = folder.assetcatalog; path = Images.xcassets; sourceTree = "<group>"; };
		F055654218E6DD9300481688 /* LCB PUBLIC TICKERTests.xctest */ = {isa = PBXFileReference; explicitFileType = wrapper.cfbundle; includeInIndex = 0; path = "LCB PUBLIC TICKERTests.xctest"; sourceTree = BUILT_PRODUCTS_DIR; };
		F055654318E6DD9300481688 /* XCTest.framework */ = {isa = PBXFileReference; lastKnownFileType = wrapper.framework; name = XCTest.framework; path = Library/Frameworks/XCTest.framework; sourceTree = DEVELOPER_DIR; };
		F055654B18E6DD9300481688 /* LCB PUBLIC TICKERTests-Info.plist */ = {isa = PBXFileReference; lastKnownFileType = text.plist.xml; path = "LCB PUBLIC TICKERTests-Info.plist"; sourceTree = "<group>"; };
		F055654D18E6DD9300481688 /* en */ = {isa = PBXFileReference; lastKnownFileType = text.plist.strings; name = en; path = en.lproj/InfoPlist.strings; sourceTree = "<group>"; };
		F055654F18E6DD9300481688 /* LCB_PUBLIC_TICKERTests.m */ = {isa = PBXFileReference; lastKnownFileType = sourcecode.c.objc; path = LCB_PUBLIC_TICKERTests.m; sourceTree = "<group>"; };
/* End PBXFileReference section */

/* Begin PBXFrameworksBuildPhase section */
		F055651B18E6DD9300481688 /* Frameworks */ = {
			isa = PBXFrameworksBuildPhase;
			buildActionMask = 2147483647;
			files = (
				F055652418E6DD9300481688 /* CoreGraphics.framework in Frameworks */,
				F055652618E6DD9300481688 /* UIKit.framework in Frameworks */,
				F055652218E6DD9300481688 /* Foundation.framework in Frameworks */,
			);
			runOnlyForDeploymentPostprocessing = 0;
		};
		F055653F18E6DD9300481688 /* Frameworks */ = {
			isa = PBXFrameworksBuildPhase;
			buildActionMask = 2147483647;
			files = (
				F055654418E6DD9300481688 /* XCTest.framework in Frameworks */,
				F055654618E6DD9300481688 /* UIKit.framework in Frameworks */,
				F055654518E6DD9300481688 /* Foundation.framework in Frameworks */,
			);
			runOnlyForDeploymentPostprocessing = 0;
		};
/* End PBXFrameworksBuildPhase section */

/* Begin PBXGroup section */
		F055651518E6DD9300481688 = {
			isa = PBXGroup;
			children = (
				F055652718E6DD9300481688 /* LCB PUBLIC TICKER */,
				F055654918E6DD9300481688 /* LCB PUBLIC TICKERTests */,
				F055652018E6DD9300481688 /* Frameworks */,
				F055651F18E6DD9300481688 /* Products */,
			);
			sourceTree = "<group>";
		};
		F055651F18E6DD9300481688 /* Products */ = {
			isa = PBXGroup;
			children = (
				F055651E18E6DD9300481688 /* LCB PUBLIC TICKER.app */,
				F055654218E6DD9300481688 /* LCB PUBLIC TICKERTests.xctest */,
			);
			name = Products;
			sourceTree = "<group>";
		};
		F055652018E6DD9300481688 /* Frameworks */ = {
			isa = PBXGroup;
			children = (
				F055652118E6DD9300481688 /* Foundation.framework */,
				F055652318E6DD9300481688 /* CoreGraphics.framework */,
				F055652518E6DD9300481688 /* UIKit.framework */,
				F055654318E6DD9300481688 /* XCTest.framework */,
			);
			name = Frameworks;
			sourceTree = "<group>";
		};
		F055652718E6DD9300481688 /* LCB PUBLIC TICKER */ = {
			isa = PBXGroup;
			children = (
				F055653018E6DD9300481688 /* GMSAppDelegate.h */,
				F055653118E6DD9300481688 /* GMSAppDelegate.m */,
				F055653318E6DD9300481688 /* Main.storyboard */,
				F055653618E6DD9300481688 /* GMSFirstViewController.h */,
				F055653718E6DD9300481688 /* GMSFirstViewController.m */,
				F055653918E6DD9300481688 /* GMSSecondViewController.h */,
				F055653A18E6DD9300481688 /* GMSSecondViewController.m */,
				F055653C18E6DD9300481688 /* Images.xcassets */,
				F055652818E6DD9300481688 /* Supporting Files */,
			);
			path = "LCB PUBLIC TICKER";
			sourceTree = "<group>";
		};
		F055652818E6DD9300481688 /* Supporting Files */ = {
			isa = PBXGroup;
			children = (
				F055652918E6DD9300481688 /* LCB PUBLIC TICKER-Info.plist */,
				F055652A18E6DD9300481688 /* InfoPlist.strings */,
				F055652D18E6DD9300481688 /* main.m */,
				F055652F18E6DD9300481688 /* LCB PUBLIC TICKER-Prefix.pch */,
			);
			name = "Supporting Files";
			sourceTree = "<group>";
		};
		F055654918E6DD9300481688 /* LCB PUBLIC TICKERTests */ = {
			isa = PBXGroup;
			children = (
				F055654F18E6DD9300481688 /* LCB_PUBLIC_TICKERTests.m */,
				F055654A18E6DD9300481688 /* Supporting Files */,
			);
			path = "LCB PUBLIC TICKERTests";
			sourceTree = "<group>";
		};
		F055654A18E6DD9300481688 /* Supporting Files */ = {
			isa = PBXGroup;
			children = (
				F055654B18E6DD9300481688 /* LCB PUBLIC TICKERTests-Info.plist */,
				F055654C18E6DD9300481688 /* InfoPlist.strings */,
			);
			name = "Supporting Files";
			sourceTree = "<group>";
		};
/* End PBXGroup section */

/* Begin PBXNativeTarget section */
		F055651D18E6DD9300481688 /* LCB PUBLIC TICKER */ = {
			isa = PBXNativeTarget;
			buildConfigurationList = F055655318E6DD9300481688 /* Build configuration list for PBXNativeTarget "LCB PUBLIC TICKER" */;
			buildPhases = (
				F055651A18E6DD9300481688 /* Sources */,
				F055651B18E6DD9300481688 /* Frameworks */,
				F055651C18E6DD9300481688 /* Resources */,
			);
			buildRules = (
			);
			dependencies = (
			);
			name = "LCB PUBLIC TICKER";
			productName = "LCB PUBLIC TICKER";
			productReference = F055651E18E6DD9300481688 /* LCB PUBLIC TICKER.app */;
			productType = "com.apple.product-type.application";
		};
		F055654118E6DD9300481688 /* LCB PUBLIC TICKERTests */ = {
			isa = PBXNativeTarget;
			buildConfigurationList = F055655618E6DD9300481688 /* Build configuration list for PBXNativeTarget "LCB PUBLIC TICKERTests" */;
			buildPhases = (
				F055653E18E6DD9300481688 /* Sources */,
				F055653F18E6DD9300481688 /* Frameworks */,
				F055654018E6DD9300481688 /* Resources */,
			);
			buildRules = (
			);
			dependencies = (
				F055654818E6DD9300481688 /* PBXTargetDependency */,
			);
			name = "LCB PUBLIC TICKERTests";
			productName = "LCB PUBLIC TICKERTests";
			productReference = F055654218E6DD9300481688 /* LCB PUBLIC TICKERTests.xctest */;
			productType = "com.apple.product-type.bundle.unit-test";
		};
/* End PBXNativeTarget section */

/* Begin PBXProject section */
		F055651618E6DD9300481688 /* Project object */ = {
			isa = PBXProject;
			attributes = {
				CLASSPREFIX = GMS;
				LastUpgradeCheck = 0510;
				ORGANIZATIONNAME = "___FULLUSERNAME___";
				TargetAttributes = {
					F055654118E6DD9300481688 = {
						TestTargetID = F055651D18E6DD9300481688;
					};
				};
			};
			buildConfigurationList = F055651918E6DD9300481688 /* Build configuration list for PBXProject "LCB PUBLIC TICKER" */;
			compatibilityVersion = "Xcode 3.2";
			developmentRegion = English;
			hasScannedForEncodings = 0;
			knownRegions = (
				en,
				Base,
			);
			mainGroup = F055651518E6DD9300481688;
			productRefGroup = F055651F18E6DD9300481688 /* Products */;
			projectDirPath = "";
			projectRoot = "";
			targets = (
				F055651D18E6DD9300481688 /* LCB PUBLIC TICKER */,
				F055654118E6DD9300481688 /* LCB PUBLIC TICKERTests */,
			);
		};
/* End PBXProject section */

/* Begin PBXResourcesBuildPhase section */
		F055651C18E6DD9300481688 /* Resources */ = {
			isa = PBXResourcesBuildPhase;
			buildActionMask = 2147483647;
			files = (
				F055653D18E6DD9300481688 /* Images.xcassets in Resources */,
				F055652C18E6DD9300481688 /* InfoPlist.strings in Resources */,
				F055653518E6DD9300481688 /* Main.storyboard in Resources */,
			);
			runOnlyForDeploymentPostprocessing = 0;
		};
		F055654018E6DD9300481688 /* Resources */ = {
			isa = PBXResourcesBuildPhase;
			buildActionMask = 2147483647;
			files = (
				F055654E18E6DD9300481688 /* InfoPlist.strings in Resources */,
			);
			runOnlyForDeploymentPostprocessing = 0;
		};
/* End PBXResourcesBuildPhase section */

/* Begin PBXSourcesBuildPhase section */
		F055651A18E6DD9300481688 /* Sources */ = {
			isa = PBXSourcesBuildPhase;
			buildActionMask = 2147483647;
			files = (
				F055653218E6DD9300481688 /* GMSAppDelegate.m in Sources */,
				F055653818E6DD9300481688 /* GMSFirstViewController.m in Sources */,
				F055653B18E6DD9300481688 /* GMSSecondViewController.m in Sources */,
				F055652E18E6DD9300481688 /* main.m in Sources */,
			);
			runOnlyForDeploymentPostprocessing = 0;
		};
		F055653E18E6DD9300481688 /* Sources */ = {
			isa = PBXSourcesBuildPhase;
			buildActionMask = 2147483647;
			files = (
				F055655018E6DD9300481688 /* LCB_PUBLIC_TICKERTests.m in Sources */,
			);
			runOnlyForDeploymentPostprocessing = 0;
		};
/* End PBXSourcesBuildPhase section */

/* Begin PBXTargetDependency section */
		F055654818E6DD9300481688 /* PBXTargetDependency */ = {
			isa = PBXTargetDependency;
			target = F055651D18E6DD9300481688 /* LCB PUBLIC TICKER */;
			targetProxy = F055654718E6DD9300481688 /* PBXContainerItemProxy */;
		};
/* End PBXTargetDependency section */

/* Begin PBXVariantGroup section */
		F055652A18E6DD9300481688 /* InfoPlist.strings */ = {
			isa = PBXVariantGroup;
			children = (
				F055652B18E6DD9300481688 /* en */,
			);
			name = InfoPlist.strings;
			sourceTree = "<group>";
		};
		F055653318E6DD9300481688 /* Main.storyboard */ = {
			isa = PBXVariantGroup;
			children = (
				F055653418E6DD9300481688 /* Base */,
			);
			name = Main.storyboard;
			sourceTree = "<group>";
		};
		F055654C18E6DD9300481688 /* InfoPlist.strings */ = {
			isa = PBXVariantGroup;
			children = (
				F055654D18E6DD9300481688 /* en */,
			);
			name = InfoPlist.strings;
			sourceTree = "<group>";
		};
/* End PBXVariantGroup section */

/* Begin XCBuildConfiguration section */
		F055655118E6DD9300481688 /* Debug */ = {
			isa = XCBuildConfiguration;
			buildSettings = {
				ALWAYS_SEARCH_USER_PATHS = NO;
				CLANG_CXX_LANGUAGE_STANDARD = "gnu++0x";
				CLANG_CXX_LIBRARY = "libc++";
				CLANG_ENABLE_MODULES = YES;
				CLANG_ENABLE_OBJC_ARC = YES;
				CLANG_WARN_BOOL_CONVERSION = YES;
				CLANG_WARN_CONSTANT_CONVERSION = YES;
				CLANG_WARN_DIRECT_OBJC_ISA_USAGE = YES_ERROR;
				CLANG_WARN_EMPTY_BODY = YES;
				CLANG_WARN_ENUM_CONVERSION = YES;
				CLANG_WARN_INT_CONVERSION = YES;
				CLANG_WARN_OBJC_ROOT_CLASS = YES_ERROR;
				CLANG_WARN__DUPLICATE_METHOD_MATCH = YES;
				"CODE_SIGN_IDENTITY[sdk=iphoneos*]" = "iPhone Developer";
				COPY_PHASE_STRIP = NO;
				GCC_C_LANGUAGE_STANDARD = gnu99;
				GCC_DYNAMIC_NO_PIC = NO;
				GCC_OPTIMIZATION_LEVEL = 0;
				GCC_PREPROCESSOR_DEFINITIONS = (
					"DEBUG=1",
					"$(inherited)",
				);
				GCC_SYMBOLS_PRIVATE_EXTERN = NO;
				GCC_WARN_64_TO_32_BIT_CONVERSION = YES;
				GCC_WARN_ABOUT_RETURN_TYPE = YES_ERROR;
				GCC_WARN_UNDECLARED_SELECTOR = YES;
				GCC_WARN_UNINITIALIZED_AUTOS = YES_AGGRESSIVE;
				GCC_WARN_UNUSED_FUNCTION = YES;
				GCC_WARN_UNUSED_VARIABLE = YES;
				IPHONEOS_DEPLOYMENT_TARGET = 7.1;
				ONLY_ACTIVE_ARCH = YES;
				SDKROOT = iphoneos;
			};
			name = Debug;
		};
		F055655218E6DD9300481688 /* Release */ = {
			isa = XCBuildConfiguration;
			buildSettings = {
				ALWAYS_SEARCH_USER_PATHS = NO;
				CLANG_CXX_LANGUAGE_STANDARD = "gnu++0x";
				CLANG_CXX_LIBRARY = "libc++";
				CLANG_ENABLE_MODULES = YES;
				CLANG_ENABLE_OBJC_ARC = YES;
				CLANG_WARN_BOOL_CONVERSION = YES;
				CLANG_WARN_CONSTANT_CONVERSION = YES;
				CLANG_WARN_DIRECT_OBJC_ISA_USAGE = YES_ERROR;
				CLANG_WARN_EMPTY_BODY = YES;
				CLANG_WARN_ENUM_CONVERSION = YES;
				CLANG_WARN_INT_CONVERSION = YES;
				CLANG_WARN_OBJC_ROOT_CLASS = YES_ERROR;
				CLANG_WARN__DUPLICATE_METHOD_MATCH = YES;
				"CODE_SIGN_IDENTITY[sdk=iphoneos*]" = "iPhone Developer";
				COPY_PHASE_STRIP = YES;
				ENABLE_NS_ASSERTIONS = NO;
				GCC_C_LANGUAGE_STANDARD = gnu99;
				GCC_WARN_64_TO_32_BIT_CONVERSION = YES;
				GCC_WARN_ABOUT_RETURN_TYPE = YES_ERROR;
				GCC_WARN_UNDECLARED_SELECTOR = YES;
				GCC_WARN_UNINITIALIZED_AUTOS = YES_AGGRESSIVE;
				GCC_WARN_UNUSED_FUNCTION = YES;
				GCC_WARN_UNUSED_VARIABLE = YES;
				IPHONEOS_DEPLOYMENT_TARGET = 7.1;
				SDKROOT = iphoneos;
				VALIDATE_PRODUCT = YES;
			};
			name = Release;
		};
		F055655418E6DD9300481688 /* Debug */ = {
			isa = XCBuildConfiguration;
			buildSettings = {
				ASSETCATALOG_COMPILER_APPICON_NAME = AppIcon;
				ASSETCATALOG_COMPILER_LAUNCHIMAGE_NAME = LaunchImage;
				GCC_PRECOMPILE_PREFIX_HEADER = YES;
				GCC_PREFIX_HEADER = "LCB PUBLIC TICKER/LCB PUBLIC TICKER-Prefix.pch";
				INFOPLIST_FILE = "LCB PUBLIC TICKER/LCB PUBLIC TICKER-Info.plist";
				PRODUCT_NAME = "$(TARGET_NAME)";
				WRAPPER_EXTENSION = app;
			};
			name = Debug;
		};
		F055655518E6DD9300481688 /* Release */ = {
			isa = XCBuildConfiguration;
			buildSettings = {
				ASSETCATALOG_COMPILER_APPICON_NAME = AppIcon;
				ASSETCATALOG_COMPILER_LAUNCHIMAGE_NAME = LaunchImage;
				GCC_PRECOMPILE_PREFIX_HEADER = YES;
				GCC_PREFIX_HEADER = "LCB PUBLIC TICKER/LCB PUBLIC TICKER-Prefix.pch";
				INFOPLIST_FILE = "LCB PUBLIC TICKER/LCB PUBLIC TICKER-Info.plist";
				PRODUCT_NAME = "$(TARGET_NAME)";
				WRAPPER_EXTENSION = app;
			};
			name = Release;
		};
		F055655718E6DD9300481688 /* Debug */ = {
			isa = XCBuildConfiguration;
			buildSettings = {
				BUNDLE_LOADER = "$(BUILT_PRODUCTS_DIR)/LCB PUBLIC TICKER.app/LCB PUBLIC TICKER";
				FRAMEWORK_SEARCH_PATHS = (
					"$(SDKROOT)/Developer/Library/Frameworks",
					"$(inherited)",
					"$(DEVELOPER_FRAMEWORKS_DIR)",
				);
				GCC_PRECOMPILE_PREFIX_HEADER = YES;
				GCC_PREFIX_HEADER = "LCB PUBLIC TICKER/LCB PUBLIC TICKER-Prefix.pch";
				GCC_PREPROCESSOR_DEFINITIONS = (
					"DEBUG=1",
					"$(inherited)",
				);
				INFOPLIST_FILE = "LCB PUBLIC TICKERTests/LCB PUBLIC TICKERTests-Info.plist";
				PRODUCT_NAME = "$(TARGET_NAME)";
				TEST_HOST = "$(BUNDLE_LOADER)";
				WRAPPER_EXTENSION = xctest;
			};
			name = Debug;
		};
		F055655818E6DD9300481688 /* Release */ = {
			isa = XCBuildConfiguration;
			buildSettings = {
				BUNDLE_LOADER = "$(BUILT_PRODUCTS_DIR)/LCB PUBLIC TICKER.app/LCB PUBLIC TICKER";
				FRAMEWORK_SEARCH_PATHS = (
					"$(SDKROOT)/Developer/Library/Frameworks",
					"$(inherited)",
					"$(DEVELOPER_FRAMEWORKS_DIR)",
				);
				GCC_PRECOMPILE_PREFIX_HEADER = YES;
				GCC_PREFIX_HEADER = "LCB PUBLIC TICKER/LCB PUBLIC TICKER-Prefix.pch";
				INFOPLIST_FILE = "LCB PUBLIC TICKERTests/LCB PUBLIC TICKERTests-Info.plist";
				PRODUCT_NAME = "$(TARGET_NAME)";
				TEST_HOST = "$(BUNDLE_LOADER)";
				WRAPPER_EXTENSION = xctest;
			};
			name = Release;
		};
/* End XCBuildConfiguration section */

/* Begin XCConfigurationList section */
		F055651918E6DD9300481688 /* Build configuration list for PBXProject "LCB PUBLIC TICKER" */ = {
			isa = XCConfigurationList;
			buildConfigurations = (
				F055655118E6DD9300481688 /* Debug */,
				F055655218E6DD9300481688 /* Release */,
			);
			defaultConfigurationIsVisible = 0;
			defaultConfigurationName = Release;
		};
		F055655318E6DD9300481688 /* Build configuration list for PBXNativeTarget "LCB PUBLIC TICKER" */ = {
			isa = XCConfigurationList;
			buildConfigurations = (
				F055655418E6DD9300481688 /* Debug */,
				F055655518E6DD9300481688 /* Release */,
			);
			defaultConfigurationIsVisible = 0;
		};
		F055655618E6DD9300481688 /* Build configuration list for PBXNativeTarget "LCB PUBLIC TICKERTests" */ = {
			isa = XCConfigurationList;
			buildConfigurations = (
				F055655718E6DD9300481688 /* Debug */,
				F055655818E6DD9300481688 /* Release */,
			);
			defaultConfigurationIsVisible = 0;
		};
/* End XCConfigurationList section */
	};
	rootObject = F055651618E6DD9300481688 /* Project object */;
}
