<?xml version="1.0" encoding="UTF-8"?>
<Scheme
   version = "1.3">
   <BuildAction>
      <BuildActionEntries>
         <BuildActionEntry
            buildForRunning = "YES">
            <BuildableReference
               BuildableIdentifier = "primary"
               BlueprintIdentifier = "F055651D18E6DD9300481688"
               BuildableName = "LCB PUBLIC TICKER.app"
               BlueprintName = "LCB PUBLIC TICKER"
               ReferencedContainer = "container:LCB PUBLIC TICKER.xcodeproj">
            </BuildableReference>
         </BuildActionEntry>
      </BuildActionEntries>
   </BuildAction>
   <LaunchAction
      useCustomWorkingDirectory = "NO"
      buildConfiguration = "Debug">
      <BuildableProductRunnable>
         <BuildableReference
            BuildableIdentifier = "primary"
            BlueprintIdentifier = "F055651D18E6DD9300481688"
            BuildableName = "LCB PUBLIC TICKER.app"
            BlueprintName = "LCB PUBLIC TICKER"
            ReferencedContainer = "container:LCB PUBLIC TICKER.xcodeproj">
         </BuildableReference>
      </BuildableProductRunnable>
   </LaunchAction>
</Scheme>
